
Microsoft Visual Studio Solution File, Format Version 12.00
# Visual Studio Version 17
VisualStudioVersion = 17.8.34525.116
MinimumVisualStudioVersion = 10.0.40219.1
Project("{FAE04EC0-301F-11D3-BF4B-00C04F79EFBC}") = "2 Axis Simulator", "simconsolev2\2 Axis Simulator.csproj", "{8F062E16-A74D-4D29-A758-EC975AC9714A}"
EndProject
Global
	GlobalSection(SolutionConfigurationPlatforms) = preSolution
		Debug|Any CPU = Debug|Any CPU
		Release|Any CPU = Release|Any CPU
	EndGlobalSection
	GlobalSection(ProjectConfigurationPlatforms) = postSolution
		{8F062E16-A74D-4D29-A758-EC975AC9714A}.Debug|Any CPU.ActiveCfg = Debug|Any CPU
		{8F062E16-A74D-4D29-A758-EC975AC9714A}.Debug|Any CPU.Build.0 = Debug|Any CPU
		{8F062E16-A74D-4D29-A758-EC975AC9714A}.Release|Any CPU.ActiveCfg = Release|Any CPU
		{8F062E16-A74D-4D29-A758-EC975AC9714A}.Release|Any CPU.Build.0 = Release|Any CPU
	EndGlobalSection
	GlobalSection(SolutionProperties) = preSolution
		HideSolutionNode = FALSE
	EndGlobalSection
	GlobalSection(ExtensibilityGlobals) = postSolution
		SolutionGuid = {B6BA9E8A-0158-470B-AB9D-CD79C81E80C6}
	EndGlobalSection
EndGlobal
